<Solution>
  <Folder Name="/src/">
    <Project Path="src/ChatApp.API/ChatApp.API.csproj" />
    <Project Path="src/ChatApp.Core/ChatApp.Core.csproj" />
    <Project Path="src/ChatApp.Infrastructure/ChatApp.Infrastructure.csproj" />
    <Project Path="src/ChatApp.Shared/ChatApp.Shared.csproj" />
  </Folder>
</Solution>
